
Microsoft Visual Studio Solution File, Format Version 12.00
# Visual Studio 15
VisualStudioVersion = 15.0.27130.2036
MinimumVisualStudioVersion = 10.0.40219.1
Project("{FAE04EC0-301F-11D3-BF4B-00C04F79EFBC}") = "SFAndSelenium", "SFAndSelenium\SFAndSelenium.csproj", "{DD28B124-4DA1-4D47-8D27-B598617A5F78}"
EndProject
Project("{2150E333-8FDC-42A3-9474-1A3956D46DE8}") = "Solution Items", "Solution Items", "{61176BB4-032B-4092-A00D-F26902E28B0F}"
	ProjectSection(SolutionItems) = preProject
		PageObjection\PageObjection.nuspec = PageObjection\PageObjection.nuspec
		release.sh = release.sh
	EndProjectSection
EndProject
Project("{FAE04EC0-301F-11D3-BF4B-00C04F79EFBC}") = "PageObjection", "PageObjection\PageObjection.csproj", "{89CC08AF-42BD-4C24-B817-BCC72D865554}"
EndProject
Global
	GlobalSection(SolutionConfigurationPlatforms) = preSolution
		Debug|Any CPU = Debug|Any CPU
		Release|Any CPU = Release|Any CPU
	EndGlobalSection
	GlobalSection(ProjectConfigurationPlatforms) = postSolution
		{DD28B124-4DA1-4D47-8D27-B598617A5F78}.Debug|Any CPU.ActiveCfg = Debug|Any CPU
		{DD28B124-4DA1-4D47-8D27-B598617A5F78}.Debug|Any CPU.Build.0 = Debug|Any CPU
		{DD28B124-4DA1-4D47-8D27-B598617A5F78}.Release|Any CPU.ActiveCfg = Release|Any CPU
		{DD28B124-4DA1-4D47-8D27-B598617A5F78}.Release|Any CPU.Build.0 = Release|Any CPU
		{89CC08AF-42BD-4C24-B817-BCC72D865554}.Debug|Any CPU.ActiveCfg = Debug|Any CPU
		{89CC08AF-42BD-4C24-B817-BCC72D865554}.Debug|Any CPU.Build.0 = Debug|Any CPU
		{89CC08AF-42BD-4C24-B817-BCC72D865554}.Release|Any CPU.ActiveCfg = Release|Any CPU
		{89CC08AF-42BD-4C24-B817-BCC72D865554}.Release|Any CPU.Build.0 = Release|Any CPU
	EndGlobalSection
	GlobalSection(SolutionProperties) = preSolution
		HideSolutionNode = FALSE
	EndGlobalSection
	GlobalSection(ExtensibilityGlobals) = postSolution
		SolutionGuid = {646C9486-E131-4F68-9BBC-02F380B1DB60}
	EndGlobalSection
EndGlobal
